// !$*UTF8*$!
{
	archiveVersion = 1;
	classes = {
	};
	objectVersion = 56;
	objects = {

/* Begin PBXBuildFile section */
		0E738BF029E3F55300D34543 /* SettingsView.swift in Sources */ = {isa = PBXBuildFile; fileRef = 0E738BEF29E3F55300D34543 /* SettingsView.swift */; };
		3A25BC9B29B754BF005F7823 /* mobiilirakendusedApp.swift in Sources */ = {isa = PBXBuildFile; fileRef = 3A25BC9A29B754BF005F7823 /* mobiilirakendusedApp.swift */; };
		3A25BC9D29B754BF005F7823 /* ContentView.swift in Sources */ = {isa = PBXBuildFile; fileRef = 3A25BC9C29B754BF005F7823 /* ContentView.swift */; };
		3A25BC9F29B754C3005F7823 /* Assets.xcassets in Resources */ = {isa = PBXBuildFile; fileRef = 3A25BC9E29B754C3005F7823 /* Assets.xcassets */; };
		3A25BCA229B754C3005F7823 /* Preview Assets.xcassets in Resources */ = {isa = PBXBuildFile; fileRef = 3A25BCA129B754C3005F7823 /* Preview Assets.xcassets */; };
		3A25BCAC29B754C3005F7823 /* mobiilirakendusedTests.swift in Sources */ = {isa = PBXBuildFile; fileRef = 3A25BCAB29B754C3005F7823 /* mobiilirakendusedTests.swift */; };
		3A25BCB629B754C3005F7823 /* mobiilirakendusedUITests.swift in Sources */ = {isa = PBXBuildFile; fileRef = 3A25BCB529B754C3005F7823 /* mobiilirakendusedUITests.swift */; };
		3A25BCB829B754C3005F7823 /* mobiilirakendusedUITestsLaunchTests.swift in Sources */ = {isa = PBXBuildFile; fileRef = 3A25BCB729B754C3005F7823 /* mobiilirakendusedUITestsLaunchTests.swift */; };
		3A5DF72129C476F0004CEF89 /* ImagePickerView.swift in Sources */ = {isa = PBXBuildFile; fileRef = 3A5DF72029C476F0004CEF89 /* ImagePickerView.swift */; };
/* End PBXBuildFile section */

/* Begin PBXContainerItemProxy section */
		3A25BCA829B754C3005F7823 /* PBXContainerItemProxy */ = {
			isa = PBXContainerItemProxy;
			containerPortal = 3A25BC8F29B754BF005F7823 /* Project object */;
			proxyType = 1;
			remoteGlobalIDString = 3A25BC9629B754BF005F7823;
			remoteInfo = mobiilirakendused;
		};
		3A25BCB229B754C3005F7823 /* PBXContainerItemProxy */ = {
			isa = PBXContainerItemProxy;
			containerPortal = 3A25BC8F29B754BF005F7823 /* Project object */;
			proxyType = 1;
			remoteGlobalIDString = 3A25BC9629B754BF005F7823;
			remoteInfo = mobiilirakendused;
		};
/* End PBXContainerItemProxy section */

/* Begin PBXFileReference section */
		0E738BEF29E3F55300D34543 /* SettingsView.swift */ = {isa = PBXFileReference; lastKnownFileType = sourcecode.swift; path = SettingsView.swift; sourceTree = "<group>"; };
		3A25BC9729B754BF005F7823 /* mobiilirakendused.app */ = {isa = PBXFileReference; explicitFileType = wrapper.application; includeInIndex = 0; path = mobiilirakendused.app; sourceTree = BUILT_PRODUCTS_DIR; };
		3A25BC9A29B754BF005F7823 /* mobiilirakendusedApp.swift */ = {isa = PBXFileReference; lastKnownFileType = sourcecode.swift; path = mobiilirakendusedApp.swift; sourceTree = "<group>"; };
		3A25BC9C29B754BF005F7823 /* ContentView.swift */ = {isa = PBXFileReference; lastKnownFileType = sourcecode.swift; path = ContentView.swift; sourceTree = "<group>"; };
		3A25BC9E29B754C3005F7823 /* Assets.xcassets */ = {isa = PBXFileReference; lastKnownFileType = folder.assetcatalog; path = Assets.xcassets; sourceTree = "<group>"; };
		3A25BCA129B754C3005F7823 /* Preview Assets.xcassets */ = {isa = PBXFileReference; lastKnownFileType = folder.assetcatalog; path = "Preview Assets.xcassets"; sourceTree = "<group>"; };
		3A25BCA729B754C3005F7823 /* mobiilirakendusedTests.xctest */ = {isa = PBXFileReference; explicitFileType = wrapper.cfbundle; includeInIndex = 0; path = mobiilirakendusedTests.xctest; sourceTree = BUILT_PRODUCTS_DIR; };
		3A25BCAB29B754C3005F7823 /* mobiilirakendusedTests.swift */ = {isa = PBXFileReference; lastKnownFileType = sourcecode.swift; path = mobiilirakendusedTests.swift; sourceTree = "<group>"; };
		3A25BCB129B754C3005F7823 /* mobiilirakendusedUITests.xctest */ = {isa = PBXFileReference; explicitFileType = wrapper.cfbundle; includeInIndex = 0; path = mobiilirakendusedUITests.xctest; sourceTree = BUILT_PRODUCTS_DIR; };
		3A25BCB529B754C3005F7823 /* mobiilirakendusedUITests.swift */ = {isa = PBXFileReference; lastKnownFileType = sourcecode.swift; path = mobiilirakendusedUITests.swift; sourceTree = "<group>"; };
		3A25BCB729B754C3005F7823 /* mobiilirakendusedUITestsLaunchTests.swift */ = {isa = PBXFileReference; lastKnownFileType = sourcecode.swift; path = mobiilirakendusedUITestsLaunchTests.swift; sourceTree = "<group>"; };
		3A5DF72029C476F0004CEF89 /* ImagePickerView.swift */ = {isa = PBXFileReference; lastKnownFileType = sourcecode.swift; path = ImagePickerView.swift; sourceTree = "<group>"; };
		3A5DF72429C48879004CEF89 /* Info.plist */ = {isa = PBXFileReference; lastKnownFileType = text.plist; path = Info.plist; sourceTree = "<group>"; };
/* End PBXFileReference section */

/* Begin PBXFrameworksBuildPhase section */
		3A25BC9429B754BF005F7823 /* Frameworks */ = {
			isa = PBXFrameworksBuildPhase;
			buildActionMask = 2147483647;
			files = (
			);
			runOnlyForDeploymentPostprocessing = 0;
		};
		3A25BCA429B754C3005F7823 /* Frameworks */ = {
			isa = PBXFrameworksBuildPhase;
			buildActionMask = 2147483647;
			files = (
			);
			runOnlyForDeploymentPostprocessing = 0;
		};
		3A25BCAE29B754C3005F7823 /* Frameworks */ = {
			isa = PBXFrameworksBuildPhase;
			buildActionMask = 2147483647;
			files = (
			);
			runOnlyForDeploymentPostprocessing = 0;
		};
/* End PBXFrameworksBuildPhase section */

/* Begin PBXGroup section */
		3A25BC8E29B754BF005F7823 = {
			isa = PBXGroup;
			children = (
				3A25BC9929B754BF005F7823 /* mobiilirakendused */,
				3A25BCAA29B754C3005F7823 /* mobiilirakendusedTests */,
				3A25BCB429B754C3005F7823 /* mobiilirakendusedUITests */,
				3A25BC9829B754BF005F7823 /* Products */,
			);
			sourceTree = "<group>";
		};
		3A25BC9829B754BF005F7823 /* Products */ = {
			isa = PBXGroup;
			children = (
				3A25BC9729B754BF005F7823 /* mobiilirakendused.app */,
				3A25BCA729B754C3005F7823 /* mobiilirakendusedTests.xctest */,
				3A25BCB129B754C3005F7823 /* mobiilirakendusedUITests.xctest */,
			);
			name = Products;
			sourceTree = "<group>";
		};
		3A25BC9929B754BF005F7823 /* mobiilirakendused */ = {
			isa = PBXGroup;
			children = (
				3A25BC9A29B754BF005F7823 /* mobiilirakendusedApp.swift */,
				3A25BC9C29B754BF005F7823 /* ContentView.swift */,
				3A5DF72029C476F0004CEF89 /* ImagePickerView.swift */,
				3A25BC9E29B754C3005F7823 /* Assets.xcassets */,
				3A5DF72429C48879004CEF89 /* Info.plist */,
				3A25BCA029B754C3005F7823 /* Preview Content */,
				0E738BEF29E3F55300D34543 /* SettingsView.swift */,
			);
			path = mobiilirakendused;
			sourceTree = "<group>";
		};
		3A25BCA029B754C3005F7823 /* Preview Content */ = {
			isa = PBXGroup;
			children = (
				3A25BCA129B754C3005F7823 /* Preview Assets.xcassets */,
			);
			path = "Preview Content";
			sourceTree = "<group>";
		};
		3A25BCAA29B754C3005F7823 /* mobiilirakendusedTests */ = {
			isa = PBXGroup;
			children = (
				3A25BCAB29B754C3005F7823 /* mobiilirakendusedTests.swift */,
			);
			path = mobiilirakendusedTests;
			sourceTree = "<group>";
		};
		3A25BCB429B754C3005F7823 /* mobiilirakendusedUITests */ = {
			isa = PBXGroup;
			children = (
				3A25BCB529B754C3005F7823 /* mobiilirakendusedUITests.swift */,
				3A25BCB729B754C3005F7823 /* mobiilirakendusedUITestsLaunchTests.swift */,
			);
			path = mobiilirakendusedUITests;
			sourceTree = "<group>";
		};
/* End PBXGroup section */

/* Begin PBXNativeTarget section */
		3A25BC9629B754BF005F7823 /* mobiilirakendused */ = {
			isa = PBXNativeTarget;
			buildConfigurationList = 3A25BCBB29B754C3005F7823 /* Build configuration list for PBXNativeTarget "mobiilirakendused" */;
			buildPhases = (
				3A25BC9329B754BF005F7823 /* Sources */,
				3A25BC9429B754BF005F7823 /* Frameworks */,
				3A25BC9529B754BF005F7823 /* Resources */,
			);
			buildRules = (
			);
			dependencies = (
			);
			name = mobiilirakendused;
			productName = mobiilirakendused;
			productReference = 3A25BC9729B754BF005F7823 /* mobiilirakendused.app */;
			productType = "com.apple.product-type.application";
		};
		3A25BCA629B754C3005F7823 /* mobiilirakendusedTests */ = {
			isa = PBXNativeTarget;
			buildConfigurationList = 3A25BCBE29B754C3005F7823 /* Build configuration list for PBXNativeTarget "mobiilirakendusedTests" */;
			buildPhases = (
				3A25BCA329B754C3005F7823 /* Sources */,
				3A25BCA429B754C3005F7823 /* Frameworks */,
				3A25BCA529B754C3005F7823 /* Resources */,
			);
			buildRules = (
			);
			dependencies = (
				3A25BCA929B754C3005F7823 /* PBXTargetDependency */,
			);
			name = mobiilirakendusedTests;
			productName = mobiilirakendusedTests;
			productReference = 3A25BCA729B754C3005F7823 /* mobiilirakendusedTests.xctest */;
			productType = "com.apple.product-type.bundle.unit-test";
		};
		3A25BCB029B754C3005F7823 /* mobiilirakendusedUITests */ = {
			isa = PBXNativeTarget;
			buildConfigurationList = 3A25BCC129B754C3005F7823 /* Build configuration list for PBXNativeTarget "mobiilirakendusedUITests" */;
			buildPhases = (
				3A25BCAD29B754C3005F7823 /* Sources */,
				3A25BCAE29B754C3005F7823 /* Frameworks */,
				3A25BCAF29B754C3005F7823 /* Resources */,
			);
			buildRules = (
			);
			dependencies = (
				3A25BCB329B754C3005F7823 /* PBXTargetDependency */,
			);
			name = mobiilirakendusedUITests;
			productName = mobiilirakendusedUITests;
			productReference = 3A25BCB129B754C3005F7823 /* mobiilirakendusedUITests.xctest */;
			productType = "com.apple.product-type.bundle.ui-testing";
		};
/* End PBXNativeTarget section */

/* Begin PBXProject section */
		3A25BC8F29B754BF005F7823 /* Project object */ = {
			isa = PBXProject;
			attributes = {
				BuildIndependentTargetsInParallel = 1;
				LastSwiftUpdateCheck = 1420;
				LastUpgradeCheck = 1420;
				TargetAttributes = {
					3A25BC9629B754BF005F7823 = {
						CreatedOnToolsVersion = 14.2;
					};
					3A25BCA629B754C3005F7823 = {
						CreatedOnToolsVersion = 14.2;
						TestTargetID = 3A25BC9629B754BF005F7823;
					};
					3A25BCB029B754C3005F7823 = {
						CreatedOnToolsVersion = 14.2;
						TestTargetID = 3A25BC9629B754BF005F7823;
					};
				};
			};
			buildConfigurationList = 3A25BC9229B754BF005F7823 /* Build configuration list for PBXProject "mobiilirakendused" */;
			compatibilityVersion = "Xcode 14.0";
			developmentRegion = en;
			hasScannedForEncodings = 0;
			knownRegions = (
				en,
				Base,
			);
			mainGroup = 3A25BC8E29B754BF005F7823;
			productRefGroup = 3A25BC9829B754BF005F7823 /* Products */;
			projectDirPath = "";
			projectRoot = "";
			targets = (
				3A25BC9629B754BF005F7823 /* mobiilirakendused */,
				3A25BCA629B754C3005F7823 /* mobiilirakendusedTests */,
				3A25BCB029B754C3005F7823 /* mobiilirakendusedUITests */,
			);
		};
/* End PBXProject section */

/* Begin PBXResourcesBuildPhase section */
		3A25BC9529B754BF005F7823 /* Resources */ = {
			isa = PBXResourcesBuildPhase;
			buildActionMask = 2147483647;
			files = (
				3A25BCA229B754C3005F7823 /* Preview Assets.xcassets in Resources */,
				3A25BC9F29B754C3005F7823 /* Assets.xcassets in Resources */,
			);
			runOnlyForDeploymentPostprocessing = 0;
		};
		3A25BCA529B754C3005F7823 /* Resources */ = {
			isa = PBXResourcesBuildPhase;
			buildActionMask = 2147483647;
			files = (
			);
			runOnlyForDeploymentPostprocessing = 0;
		};
		3A25BCAF29B754C3005F7823 /* Resources */ = {
			isa = PBXResourcesBuildPhase;
			buildActionMask = 2147483647;
			files = (
			);
			runOnlyForDeploymentPostprocessing = 0;
		};
/* End PBXResourcesBuildPhase section */

/* Begin PBXSourcesBuildPhase section */
		3A25BC9329B754BF005F7823 /* Sources */ = {
			isa = PBXSourcesBuildPhase;
			buildActionMask = 2147483647;
			files = (
				3A25BC9D29B754BF005F7823 /* ContentView.swift in Sources */,
				0E738BF029E3F55300D34543 /* SettingsView.swift in Sources */,
				3A5DF72129C476F0004CEF89 /* ImagePickerView.swift in Sources */,
				3A25BC9B29B754BF005F7823 /* mobiilirakendusedApp.swift in Sources */,
			);
			runOnlyForDeploymentPostprocessing = 0;
		};
		3A25BCA329B754C3005F7823 /* Sources */ = {
			isa = PBXSourcesBuildPhase;
			buildActionMask = 2147483647;
			files = (
				3A25BCAC29B754C3005F7823 /* mobiilirakendusedTests.swift in Sources */,
			);
			runOnlyForDeploymentPostprocessing = 0;
		};
		3A25BCAD29B754C3005F7823 /* Sources */ = {
			isa = PBXSourcesBuildPhase;
			buildActionMask = 2147483647;
			files = (
				3A25BCB829B754C3005F7823 /* mobiilirakendusedUITestsLaunchTests.swift in Sources */,
				3A25BCB629B754C3005F7823 /* mobiilirakendusedUITests.swift in Sources */,
			);
			runOnlyForDeploymentPostprocessing = 0;
		};
/* End PBXSourcesBuildPhase section */

/* Begin PBXTargetDependency section */
		3A25BCA929B754C3005F7823 /* PBXTargetDependency */ = {
			isa = PBXTargetDependency;
			target = 3A25BC9629B754BF005F7823 /* mobiilirakendused */;
			targetProxy = 3A25BCA829B754C3005F7823 /* PBXContainerItemProxy */;
		};
		3A25BCB329B754C3005F7823 /* PBXTargetDependency */ = {
			isa = PBXTargetDependency;
			target = 3A25BC9629B754BF005F7823 /* mobiilirakendused */;
			targetProxy = 3A25BCB229B754C3005F7823 /* PBXContainerItemProxy */;
		};
/* End PBXTargetDependency section */

/* Begin XCBuildConfiguration section */
		3A25BCB929B754C3005F7823 /* Debug */ = {
			isa = XCBuildConfiguration;
			buildSettings = {
				ALWAYS_SEARCH_USER_PATHS = NO;
				CLANG_ANALYZER_NONNULL = YES;
				CLANG_ANALYZER_NUMBER_OBJECT_CONVERSION = YES_AGGRESSIVE;
				CLANG_CXX_LANGUAGE_STANDARD = "gnu++20";
				CLANG_ENABLE_MODULES = YES;
				CLANG_ENABLE_OBJC_ARC = YES;
				CLANG_ENABLE_OBJC_WEAK = YES;
				CLANG_WARN_BLOCK_CAPTURE_AUTORELEASING = YES;
				CLANG_WARN_BOOL_CONVERSION = YES;
				CLANG_WARN_COMMA = YES;
				CLANG_WARN_CONSTANT_CONVERSION = YES;
				CLANG_WARN_DEPRECATED_OBJC_IMPLEMENTATIONS = YES;
				CLANG_WARN_DIRECT_OBJC_ISA_USAGE = YES_ERROR;
				CLANG_WARN_DOCUMENTATION_COMMENTS = YES;
				CLANG_WARN_EMPTY_BODY = YES;
				CLANG_WARN_ENUM_CONVERSION = YES;
				CLANG_WARN_INFINITE_RECURSION = YES;
				CLANG_WARN_INT_CONVERSION = YES;
				CLANG_WARN_NON_LITERAL_NULL_CONVERSION = YES;
				CLANG_WARN_OBJC_IMPLICIT_RETAIN_SELF = YES;
				CLANG_WARN_OBJC_LITERAL_CONVERSION = YES;
				CLANG_WARN_OBJC_ROOT_CLASS = YES_ERROR;
				CLANG_WARN_QUOTED_INCLUDE_IN_FRAMEWORK_HEADER = YES;
				CLANG_WARN_RANGE_LOOP_ANALYSIS = YES;
				CLANG_WARN_STRICT_PROTOTYPES = YES;
				CLANG_WARN_SUSPICIOUS_MOVE = YES;
				CLANG_WARN_UNGUARDED_AVAILABILITY = YES_AGGRESSIVE;
				CLANG_WARN_UNREACHABLE_CODE = YES;
				CLANG_WARN__DUPLICATE_METHOD_MATCH = YES;
				COPY_PHASE_STRIP = NO;
				DEBUG_INFORMATION_FORMAT = dwarf;
				ENABLE_STRICT_OBJC_MSGSEND = YES;
				ENABLE_TESTABILITY = YES;
				GCC_C_LANGUAGE_STANDARD = gnu11;
				GCC_DYNAMIC_NO_PIC = NO;
				GCC_NO_COMMON_BLOCKS = YES;
				GCC_OPTIMIZATION_LEVEL = 0;
				GCC_PREPROCESSOR_DEFINITIONS = (
					"DEBUG=1",
					"$(inherited)",
				);
				GCC_WARN_64_TO_32_BIT_CONVERSION = YES;
				GCC_WARN_ABOUT_RETURN_TYPE = YES_ERROR;
				GCC_WARN_UNDECLARED_SELECTOR = YES;
				GCC_WARN_UNINITIALIZED_AUTOS = YES_AGGRESSIVE;
				GCC_WARN_UNUSED_FUNCTION = YES;
				GCC_WARN_UNUSED_VARIABLE = YES;
				IPHONEOS_DEPLOYMENT_TARGET = 16.2;
				MTL_ENABLE_DEBUG_INFO = INCLUDE_SOURCE;
				MTL_FAST_MATH = YES;
				ONLY_ACTIVE_ARCH = YES;
				SDKROOT = iphoneos;
				SWIFT_ACTIVE_COMPILATION_CONDITIONS = DEBUG;
				SWIFT_OPTIMIZATION_LEVEL = "-Onone";
			};
			name = Debug;
		};
		3A25BCBA29B754C3005F7823 /* Release */ = {
			isa = XCBuildConfiguration;
			buildSettings = {
				ALWAYS_SEARCH_USER_PATHS = NO;
				CLANG_ANALYZER_NONNULL = YES;
				CLANG_ANALYZER_NUMBER_OBJECT_CONVERSION = YES_AGGRESSIVE;
				CLANG_CXX_LANGUAGE_STANDARD = "gnu++20";
				CLANG_ENABLE_MODULES = YES;
				CLANG_ENABLE_OBJC_ARC = YES;
				CLANG_ENABLE_OBJC_WEAK = YES;
				CLANG_WARN_BLOCK_CAPTURE_AUTORELEASING = YES;
				CLANG_WARN_BOOL_CONVERSION = YES;
				CLANG_WARN_COMMA = YES;
				CLANG_WARN_CONSTANT_CONVERSION = YES;
				CLANG_WARN_DEPRECATED_OBJC_IMPLEMENTATIONS = YES;
				CLANG_WARN_DIRECT_OBJC_ISA_USAGE = YES_ERROR;
				CLANG_WARN_DOCUMENTATION_COMMENTS = YES;
				CLANG_WARN_EMPTY_BODY = YES;
				CLANG_WARN_ENUM_CONVERSION = YES;
				CLANG_WARN_INFINITE_RECURSION = YES;
				CLANG_WARN_INT_CONVERSION = YES;
				CLANG_WARN_NON_LITERAL_NULL_CONVERSION = YES;
				CLANG_WARN_OBJC_IMPLICIT_RETAIN_SELF = YES;
				CLANG_WARN_OBJC_LITERAL_CONVERSION = YES;
				CLANG_WARN_OBJC_ROOT_CLASS = YES_ERROR;
				CLANG_WARN_QUOTED_INCLUDE_IN_FRAMEWORK_HEADER = YES;
				CLANG_WARN_RANGE_LOOP_ANALYSIS = YES;
				CLANG_WARN_STRICT_PROTOTYPES = YES;
				CLANG_WARN_SUSPICIOUS_MOVE = YES;
				CLANG_WARN_UNGUARDED_AVAILABILITY = YES_AGGRESSIVE;
				CLANG_WARN_UNREACHABLE_CODE = YES;
				CLANG_WARN__DUPLICATE_METHOD_MATCH = YES;
				COPY_PHASE_STRIP = NO;
				DEBUG_INFORMATION_FORMAT = "dwarf-with-dsym";
				ENABLE_NS_ASSERTIONS = NO;
				ENABLE_STRICT_OBJC_MSGSEND = YES;
				GCC_C_LANGUAGE_STANDARD = gnu11;
				GCC_NO_COMMON_BLOCKS = YES;
				GCC_WARN_64_TO_32_BIT_CONVERSION = YES;
				GCC_WARN_ABOUT_RETURN_TYPE = YES_ERROR;
				GCC_WARN_UNDECLARED_SELECTOR = YES;
				GCC_WARN_UNINITIALIZED_AUTOS = YES_AGGRESSIVE;
				GCC_WARN_UNUSED_FUNCTION = YES;
				GCC_WARN_UNUSED_VARIABLE = YES;
				IPHONEOS_DEPLOYMENT_TARGET = 16.2;
				MTL_ENABLE_DEBUG_INFO = NO;
				MTL_FAST_MATH = YES;
				SDKROOT = iphoneos;
				SWIFT_COMPILATION_MODE = wholemodule;
				SWIFT_OPTIMIZATION_LEVEL = "-O";
				VALIDATE_PRODUCT = YES;
			};
			name = Release;
		};
		3A25BCBC29B754C3005F7823 /* Debug */ = {
			isa = XCBuildConfiguration;
			buildSettings = {
				ASSETCATALOG_COMPILER_APPICON_NAME = AppIcon;
				ASSETCATALOG_COMPILER_GLOBAL_ACCENT_COLOR_NAME = AccentColor;
				CODE_SIGN_STYLE = Automatic;
				CURRENT_PROJECT_VERSION = 1;
				DEVELOPMENT_ASSET_PATHS = "\"mobiilirakendused/Preview Content\"";
				DEVELOPMENT_TEAM = 64QYKLGK8J;
				ENABLE_PREVIEWS = YES;
				GENERATE_INFOPLIST_FILE = YES;
				INFOPLIST_FILE = mobiilirakendused/Info.plist;
				INFOPLIST_KEY_NSCameraUsageDescription = "This app needs access to the camera to take photos for mood tracking.";
				INFOPLIST_KEY_UIApplicationSceneManifest_Generation = YES;
				INFOPLIST_KEY_UIApplicationSupportsIndirectInputEvents = YES;
				INFOPLIST_KEY_UILaunchScreen_Generation = YES;
				INFOPLIST_KEY_UISupportedInterfaceOrientations_iPad = "UIInterfaceOrientationPortrait UIInterfaceOrientationPortraitUpsideDown UIInterfaceOrientationLandscapeLeft UIInterfaceOrientationLandscapeRight";
				INFOPLIST_KEY_UISupportedInterfaceOrientations_iPhone = "UIInterfaceOrientationPortrait UIInterfaceOrientationLandscapeLeft UIInterfaceOrientationLandscapeRight";
				LD_RUNPATH_SEARCH_PATHS = (
					"$(inherited)",
					"@executable_path/Frameworks",
				);
				MARKETING_VERSION = 1.0;
				PRODUCT_BUNDLE_IDENTIFIER = tlu.mobiilirakendused;
				PRODUCT_NAME = "$(TARGET_NAME)";
				SWIFT_EMIT_LOC_STRINGS = YES;
				SWIFT_VERSION = 5.0;
				TARGETED_DEVICE_FAMILY = "1,2";
			};
			name = Debug;
		};
		3A25BCBD29B754C3005F7823 /* Release */ = {
			isa = XCBuildConfiguration;
			buildSettings = {
				ASSETCATALOG_COMPILER_APPICON_NAME = AppIcon;
				ASSETCATALOG_COMPILER_GLOBAL_ACCENT_COLOR_NAME = AccentColor;
				CODE_SIGN_STYLE = Automatic;
				CURRENT_PROJECT_VERSION = 1;
				DEVELOPMENT_ASSET_PATHS = "\"mobiilirakendused/Preview Content\"";
				DEVELOPMENT_TEAM = 64QYKLGK8J;
				ENABLE_PREVIEWS = YES;
				GENERATE_INFOPLIST_FILE = YES;
				INFOPLIST_FILE = mobiilirakendused/Info.plist;
				INFOPLIST_KEY_NSCameraUsageDescription = "This app needs access to the camera to take photos for mood tracking.";
				INFOPLIST_KEY_UIApplicationSceneManifest_Generation = YES;
				INFOPLIST_KEY_UIApplicationSupportsIndirectInputEvents = YES;
				INFOPLIST_KEY_UILaunchScreen_Generation = YES;
				INFOPLIST_KEY_UISupportedInterfaceOrientations_iPad = "UIInterfaceOrientationPortrait UIInterfaceOrientationPortraitUpsideDown UIInterfaceOrientationLandscapeLeft UIInterfaceOrientationLandscapeRight";
				INFOPLIST_KEY_UISupportedInterfaceOrientations_iPhone = "UIInterfaceOrientationPortrait UIInterfaceOrientationLandscapeLeft UIInterfaceOrientationLandscapeRight";
				LD_RUNPATH_SEARCH_PATHS = (
					"$(inherited)",
					"@executable_path/Frameworks",
				);
				MARKETING_VERSION = 1.0;
				PRODUCT_BUNDLE_IDENTIFIER = tlu.mobiilirakendused;
				PRODUCT_NAME = "$(TARGET_NAME)";
				SWIFT_EMIT_LOC_STRINGS = YES;
				SWIFT_VERSION = 5.0;
				TARGETED_DEVICE_FAMILY = "1,2";
			};
			name = Release;
		};
		3A25BCBF29B754C3005F7823 /* Debug */ = {
			isa = XCBuildConfiguration;
			buildSettings = {
				ALWAYS_EMBED_SWIFT_STANDARD_LIBRARIES = YES;
				BUNDLE_LOADER = "$(TEST_HOST)";
				CODE_SIGN_STYLE = Automatic;
				CURRENT_PROJECT_VERSION = 1;
				GENERATE_INFOPLIST_FILE = YES;
				IPHONEOS_DEPLOYMENT_TARGET = 16.2;
				MARKETING_VERSION = 1.0;
				PRODUCT_BUNDLE_IDENTIFIER = tlu.mobiilirakendusedTests;
				PRODUCT_NAME = "$(TARGET_NAME)";
				SWIFT_EMIT_LOC_STRINGS = NO;
				SWIFT_VERSION = 5.0;
				TARGETED_DEVICE_FAMILY = "1,2";
				TEST_HOST = "$(BUILT_PRODUCTS_DIR)/mobiilirakendused.app/$(BUNDLE_EXECUTABLE_FOLDER_PATH)/mobiilirakendused";
			};
			name = Debug;
		};
		3A25BCC029B754C3005F7823 /* Release */ = {
			isa = XCBuildConfiguration;
			buildSettings = {
				ALWAYS_EMBED_SWIFT_STANDARD_LIBRARIES = YES;
				BUNDLE_LOADER = "$(TEST_HOST)";
				CODE_SIGN_STYLE = Automatic;
				CURRENT_PROJECT_VERSION = 1;
				GENERATE_INFOPLIST_FILE = YES;
				IPHONEOS_DEPLOYMENT_TARGET = 16.2;
				MARKETING_VERSION = 1.0;
				PRODUCT_BUNDLE_IDENTIFIER = tlu.mobiilirakendusedTests;
				PRODUCT_NAME = "$(TARGET_NAME)";
				SWIFT_EMIT_LOC_STRINGS = NO;
				SWIFT_VERSION = 5.0;
				TARGETED_DEVICE_FAMILY = "1,2";
				TEST_HOST = "$(BUILT_PRODUCTS_DIR)/mobiilirakendused.app/$(BUNDLE_EXECUTABLE_FOLDER_PATH)/mobiilirakendused";
			};
			name = Release;
		};
		3A25BCC229B754C3005F7823 /* Debug */ = {
			isa = XCBuildConfiguration;
			buildSettings = {
				ALWAYS_EMBED_SWIFT_STANDARD_LIBRARIES = YES;
				CODE_SIGN_STYLE = Automatic;
				CURRENT_PROJECT_VERSION = 1;
				GENERATE_INFOPLIST_FILE = YES;
				MARKETING_VERSION = 1.0;
				PRODUCT_BUNDLE_IDENTIFIER = tlu.mobiilirakendusedUITests;
				PRODUCT_NAME = "$(TARGET_NAME)";
				SWIFT_EMIT_LOC_STRINGS = NO;
				SWIFT_VERSION = 5.0;
				TARGETED_DEVICE_FAMILY = "1,2";
				TEST_TARGET_NAME = mobiilirakendused;
			};
			name = Debug;
		};
		3A25BCC329B754C3005F7823 /* Release */ = {
			isa = XCBuildConfiguration;
			buildSettings = {
				ALWAYS_EMBED_SWIFT_STANDARD_LIBRARIES = YES;
				CODE_SIGN_STYLE = Automatic;
				CURRENT_PROJECT_VERSION = 1;
				GENERATE_INFOPLIST_FILE = YES;
				MARKETING_VERSION = 1.0;
				PRODUCT_BUNDLE_IDENTIFIER = tlu.mobiilirakendusedUITests;
				PRODUCT_NAME = "$(TARGET_NAME)";
				SWIFT_EMIT_LOC_STRINGS = NO;
				SWIFT_VERSION = 5.0;
				TARGETED_DEVICE_FAMILY = "1,2";
				TEST_TARGET_NAME = mobiilirakendused;
			};
			name = Release;
		};
/* End XCBuildConfiguration section */

/* Begin XCConfigurationList section */
		3A25BC9229B754BF005F7823 /* Build configuration list for PBXProject "mobiilirakendused" */ = {
			isa = XCConfigurationList;
			buildConfigurations = (
				3A25BCB929B754C3005F7823 /* Debug */,
				3A25BCBA29B754C3005F7823 /* Release */,
			);
			defaultConfigurationIsVisible = 0;
			defaultConfigurationName = Release;
		};
		3A25BCBB29B754C3005F7823 /* Build configuration list for PBXNativeTarget "mobiilirakendused" */ = {
			isa = XCConfigurationList;
			buildConfigurations = (
				3A25BCBC29B754C3005F7823 /* Debug */,
				3A25BCBD29B754C3005F7823 /* Release */,
			);
			defaultConfigurationIsVisible = 0;
			defaultConfigurationName = Release;
		};
		3A25BCBE29B754C3005F7823 /* Build configuration list for PBXNativeTarget "mobiilirakendusedTests" */ = {
			isa = XCConfigurationList;
			buildConfigurations = (
				3A25BCBF29B754C3005F7823 /* Debug */,
				3A25BCC029B754C3005F7823 /* Release */,
			);
			defaultConfigurationIsVisible = 0;
			defaultConfigurationName = Release;
		};
		3A25BCC129B754C3005F7823 /* Build configuration list for PBXNativeTarget "mobiilirakendusedUITests" */ = {
			isa = XCConfigurationList;
			buildConfigurations = (
				3A25BCC229B754C3005F7823 /* Debug */,
				3A25BCC329B754C3005F7823 /* Release */,
			);
			defaultConfigurationIsVisible = 0;
			defaultConfigurationName = Release;
		};
/* End XCConfigurationList section */
	};
	rootObject = 3A25BC8F29B754BF005F7823 /* Project object */;
}
